
Microsoft Visual Studio Solution File, Format Version 12.00
# Visual Studio 14
VisualStudioVersion = 14.0.25123.0
MinimumVisualStudioVersion = 10.0.40219.1
Project("{FAE04EC0-301F-11D3-BF4B-00C04F79EFBC}") = "PizzaShop.WEB", "PizzaShopThreeLayer\PizzaShop.WEB.csproj", "{08F5878D-0EE8-4595-8798-7FBC56888CF3}"
EndProject
Project("{FAE04EC0-301F-11D3-BF4B-00C04F79EFBC}") = "PizzaShopThreeLayer.Tests", "PizzaShopThreeLayer.Tests\PizzaShopThreeLayer.Tests.csproj", "{1329AD86-B0E9-4251-8143-EA52C34634EA}"
EndProject
Project("{FAE04EC0-301F-11D3-BF4B-00C04F79EFBC}") = "PizzaShop.BLL", "..\PizzaShop\PizzaShop.BLL\PizzaShop.BLL.csproj", "{8694983B-441C-4D7E-97C9-DB5F29DF4089}"
EndProject
Project("{FAE04EC0-301F-11D3-BF4B-00C04F79EFBC}") = "PizzaShop.DAL", "..\PizzaShop\PizzaShop.DAL\PizzaShop.DAL.csproj", "{89A54888-2189-44E9-BF25-5E82BA79D6DE}"
EndProject
Global
	GlobalSection(SolutionConfigurationPlatforms) = preSolution
		Debug|Any CPU = Debug|Any CPU
		Release|Any CPU = Release|Any CPU
	EndGlobalSection
	GlobalSection(ProjectConfigurationPlatforms) = postSolution
		{08F5878D-0EE8-4595-8798-7FBC56888CF3}.Debug|Any CPU.ActiveCfg = Debug|Any CPU
		{08F5878D-0EE8-4595-8798-7FBC56888CF3}.Debug|Any CPU.Build.0 = Debug|Any CPU
		{08F5878D-0EE8-4595-8798-7FBC56888CF3}.Release|Any CPU.ActiveCfg = Release|Any CPU
		{08F5878D-0EE8-4595-8798-7FBC56888CF3}.Release|Any CPU.Build.0 = Release|Any CPU
		{1329AD86-B0E9-4251-8143-EA52C34634EA}.Debug|Any CPU.ActiveCfg = Debug|Any CPU
		{1329AD86-B0E9-4251-8143-EA52C34634EA}.Debug|Any CPU.Build.0 = Debug|Any CPU
		{1329AD86-B0E9-4251-8143-EA52C34634EA}.Release|Any CPU.ActiveCfg = Release|Any CPU
		{1329AD86-B0E9-4251-8143-EA52C34634EA}.Release|Any CPU.Build.0 = Release|Any CPU
		{8694983B-441C-4D7E-97C9-DB5F29DF4089}.Debug|Any CPU.ActiveCfg = Debug|Any CPU
		{8694983B-441C-4D7E-97C9-DB5F29DF4089}.Debug|Any CPU.Build.0 = Debug|Any CPU
		{8694983B-441C-4D7E-97C9-DB5F29DF4089}.Release|Any CPU.ActiveCfg = Release|Any CPU
		{8694983B-441C-4D7E-97C9-DB5F29DF4089}.Release|Any CPU.Build.0 = Release|Any CPU
		{89A54888-2189-44E9-BF25-5E82BA79D6DE}.Debug|Any CPU.ActiveCfg = Debug|Any CPU
		{89A54888-2189-44E9-BF25-5E82BA79D6DE}.Debug|Any CPU.Build.0 = Debug|Any CPU
		{89A54888-2189-44E9-BF25-5E82BA79D6DE}.Release|Any CPU.ActiveCfg = Release|Any CPU
		{89A54888-2189-44E9-BF25-5E82BA79D6DE}.Release|Any CPU.Build.0 = Release|Any CPU
	EndGlobalSection
	GlobalSection(SolutionProperties) = preSolution
		HideSolutionNode = FALSE
	EndGlobalSection
EndGlobal
